// !$*UTF8*$!
{
	archiveVersion = 1;
	classes = {
	};
	objectVersion = 46;
	objects = {

/* Begin PBXBuildFile section */
		496A598CB3AC7837499CBEEC /* libPods.a in Frameworks */ = {isa = PBXBuildFile; fileRef = 3FB0CEB95D199D5CDF461583 /* libPods.a */; };
		9C0532C81C945059008AC22F /* SMS_SDKLocalizable.strings in Resources */ = {isa = PBXBuildFile; fileRef = 9C0532C31C945059008AC22F /* SMS_SDKLocalizable.strings */; };
		9C0532C91C94505A008AC22F /* MOBFoundation.framework in Frameworks */ = {isa = PBXBuildFile; fileRef = 9C0532C51C945059008AC22F /* MOBFoundation.framework */; };
		9C0532CA1C94505A008AC22F /* SMS_SDK.framework in Frameworks */ = {isa = PBXBuildFile; fileRef = 9C0532C61C945059008AC22F /* SMS_SDK.framework */; };
		9C0532CC1C945091008AC22F /* libicucore.tbd in Frameworks */ = {isa = PBXBuildFile; fileRef = 9C0532CB1C945091008AC22F /* libicucore.tbd */; };
		9C0532CE1C945099008AC22F /* libz.tbd in Frameworks */ = {isa = PBXBuildFile; fileRef = 9C0532CD1C945099008AC22F /* libz.tbd */; };
		9C0532D01C9450A4008AC22F /* MessageUI.framework in Frameworks */ = {isa = PBXBuildFile; fileRef = 9C0532CF1C9450A4008AC22F /* MessageUI.framework */; };
		9C0532D21C9450AE008AC22F /* JavaScriptCore.framework in Frameworks */ = {isa = PBXBuildFile; fileRef = 9C0532D11C9450AE008AC22F /* JavaScriptCore.framework */; };
		9C0532D41C9450BB008AC22F /* libstdc++.tbd in Frameworks */ = {isa = PBXBuildFile; fileRef = 9C0532D31C9450BB008AC22F /* libstdc++.tbd */; };
		9C0532D71C95264E008AC22F /* izyHttpClient.m in Sources */ = {isa = PBXBuildFile; fileRef = 9C0532D61C95264E008AC22F /* izyHttpClient.m */; };
		9C90EF171C46390900A65225 /* CoreData.framework in Frameworks */ = {isa = PBXBuildFile; fileRef = 9C90EF161C46390900A65225 /* CoreData.framework */; };
		9C9646341C4E3DEF00E3672B /* HomePageViewController.m in Sources */ = {isa = PBXBuildFile; fileRef = 9C9646321C4E3DEF00E3672B /* HomePageViewController.m */; };
		9C9646351C4E3DEF00E3672B /* HomePageViewController.xib in Resources */ = {isa = PBXBuildFile; fileRef = 9C9646331C4E3DEF00E3672B /* HomePageViewController.xib */; };
		9C9646391C4E3E8500E3672B /* MoreViewController.m in Sources */ = {isa = PBXBuildFile; fileRef = 9C9646371C4E3E8500E3672B /* MoreViewController.m */; };
		9C96463A1C4E3E8500E3672B /* MoreViewController.xib in Resources */ = {isa = PBXBuildFile; fileRef = 9C9646381C4E3E8500E3672B /* MoreViewController.xib */; };
		9C96463E1C4E3EB400E3672B /* CoursesViewController.m in Sources */ = {isa = PBXBuildFile; fileRef = 9C96463C1C4E3EB400E3672B /* CoursesViewController.m */; };
		9C96463F1C4E3EB400E3672B /* CoursesViewController.xib in Resources */ = {isa = PBXBuildFile; fileRef = 9C96463D1C4E3EB400E3672B /* CoursesViewController.xib */; };
		9C9646431C4E3F1A00E3672B /* QuestionBankViewController.m in Sources */ = {isa = PBXBuildFile; fileRef = 9C9646411C4E3F1A00E3672B /* QuestionBankViewController.m */; };
		9C9646441C4E3F1A00E3672B /* QuestionBankViewController.xib in Resources */ = {isa = PBXBuildFile; fileRef = 9C9646421C4E3F1A00E3672B /* QuestionBankViewController.xib */; };
		9C96464E1C4E43DE00E3672B /* LoginViewController.m in Sources */ = {isa = PBXBuildFile; fileRef = 9C96464C1C4E43DE00E3672B /* LoginViewController.m */; };
		9C96464F1C4E43DE00E3672B /* LoginViewController.xib in Resources */ = {isa = PBXBuildFile; fileRef = 9C96464D1C4E43DE00E3672B /* LoginViewController.xib */; };
		9C9646801C4F85B700E3672B /* UserInfoTableViewCell.m in Sources */ = {isa = PBXBuildFile; fileRef = 9C96467E1C4F85B700E3672B /* UserInfoTableViewCell.m */; };
		9C9646811C4F85B700E3672B /* UserInfoTableViewCell.xib in Resources */ = {isa = PBXBuildFile; fileRef = 9C96467F1C4F85B700E3672B /* UserInfoTableViewCell.xib */; };
		9CA5C5E51C6ACB8800B7947E /* SudoGameViewController.m in Sources */ = {isa = PBXBuildFile; fileRef = 9CA5C5E31C6ACB8800B7947E /* SudoGameViewController.m */; };
		9CA5C5E61C6ACB8800B7947E /* SudoGameViewController.xib in Resources */ = {isa = PBXBuildFile; fileRef = 9CA5C5E41C6ACB8800B7947E /* SudoGameViewController.xib */; };
		9CA5C5EC1C6AF7C800B7947E /* SudoGameView.m in Sources */ = {isa = PBXBuildFile; fileRef = 9CA5C5EB1C6AF7C800B7947E /* SudoGameView.m */; };
		9CFF688C1C3F55C800384B3E /* main.m in Sources */ = {isa = PBXBuildFile; fileRef = 9CFF688B1C3F55C800384B3E /* main.m */; };
		9CFF688F1C3F55C800384B3E /* AppDelegate.m in Sources */ = {isa = PBXBuildFile; fileRef = 9CFF688E1C3F55C800384B3E /* AppDelegate.m */; };
		9CFF68971C3F55C800384B3E /* Assets.xcassets in Resources */ = {isa = PBXBuildFile; fileRef = 9CFF68961C3F55C800384B3E /* Assets.xcassets */; };
		9CFF689A1C3F55C800384B3E /* LaunchScreen.storyboard in Resources */ = {isa = PBXBuildFile; fileRef = 9CFF68981C3F55C800384B3E /* LaunchScreen.storyboard */; };
		9CFF68A81C3F586400384B3E /* RDVTabBar.m in Sources */ = {isa = PBXBuildFile; fileRef = 9CFF68A31C3F586400384B3E /* RDVTabBar.m */; };
		9CFF68A91C3F586400384B3E /* RDVTabBarController.m in Sources */ = {isa = PBXBuildFile; fileRef = 9CFF68A51C3F586400384B3E /* RDVTabBarController.m */; };
		9CFF68AA1C3F586400384B3E /* RDVTabBarItem.m in Sources */ = {isa = PBXBuildFile; fileRef = 9CFF68A71C3F586400384B3E /* RDVTabBarItem.m */; };
		9CFF68C51C3F5CC800384B3E /* first_normal.png in Resources */ = {isa = PBXBuildFile; fileRef = 9CFF68B11C3F5CC800384B3E /* first_normal.png */; };
		9CFF68C61C3F5CC800384B3E /* first_normal@2x.png in Resources */ = {isa = PBXBuildFile; fileRef = 9CFF68B21C3F5CC800384B3E /* first_normal@2x.png */; };
		9CFF68C71C3F5CC800384B3E /* first_selected.png in Resources */ = {isa = PBXBuildFile; fileRef = 9CFF68B31C3F5CC800384B3E /* first_selected.png */; };
		9CFF68C81C3F5CC800384B3E /* first_selected@2x.png in Resources */ = {isa = PBXBuildFile; fileRef = 9CFF68B41C3F5CC800384B3E /* first_selected@2x.png */; };
		9CFF68C91C3F5CC800384B3E /* navigationbar_background_tall.png in Resources */ = {isa = PBXBuildFile; fileRef = 9CFF68B51C3F5CC800384B3E /* navigationbar_background_tall.png */; };
		9CFF68CA1C3F5CC800384B3E /* navigationbar_background_tall@2x.png in Resources */ = {isa = PBXBuildFile; fileRef = 9CFF68B61C3F5CC800384B3E /* navigationbar_background_tall@2x.png */; };
		9CFF68CB1C3F5CC800384B3E /* navigationbar_background.png in Resources */ = {isa = PBXBuildFile; fileRef = 9CFF68B71C3F5CC800384B3E /* navigationbar_background.png */; };
		9CFF68CC1C3F5CC800384B3E /* navigationbar_background@2x.png in Resources */ = {isa = PBXBuildFile; fileRef = 9CFF68B81C3F5CC800384B3E /* navigationbar_background@2x.png */; };
		9CFF68CD1C3F5CC800384B3E /* second_normal.png in Resources */ = {isa = PBXBuildFile; fileRef = 9CFF68B91C3F5CC800384B3E /* second_normal.png */; };
		9CFF68CE1C3F5CC800384B3E /* second_normal@2x.png in Resources */ = {isa = PBXBuildFile; fileRef = 9CFF68BA1C3F5CC800384B3E /* second_normal@2x.png */; };
		9CFF68CF1C3F5CC800384B3E /* second_selected.png in Resources */ = {isa = PBXBuildFile; fileRef = 9CFF68BB1C3F5CC800384B3E /* second_selected.png */; };
		9CFF68D01C3F5CC800384B3E /* second_selected@2x.png in Resources */ = {isa = PBXBuildFile; fileRef = 9CFF68BC1C3F5CC800384B3E /* second_selected@2x.png */; };
		9CFF68D11C3F5CC800384B3E /* tabbar_normal_background.png in Resources */ = {isa = PBXBuildFile; fileRef = 9CFF68BD1C3F5CC800384B3E /* tabbar_normal_background.png */; };
		9CFF68D21C3F5CC800384B3E /* tabbar_normal_background@2x.png in Resources */ = {isa = PBXBuildFile; fileRef = 9CFF68BE1C3F5CC800384B3E /* tabbar_normal_background@2x.png */; };
		9CFF68D31C3F5CC800384B3E /* tabbar_selected_background.png in Resources */ = {isa = PBXBuildFile; fileRef = 9CFF68BF1C3F5CC800384B3E /* tabbar_selected_background.png */; };
		9CFF68D41C3F5CC800384B3E /* tabbar_selected_background@2x.png in Resources */ = {isa = PBXBuildFile; fileRef = 9CFF68C01C3F5CC800384B3E /* tabbar_selected_background@2x.png */; };
		9CFF68D51C3F5CC800384B3E /* third_normal.png in Resources */ = {isa = PBXBuildFile; fileRef = 9CFF68C11C3F5CC800384B3E /* third_normal.png */; };
		9CFF68D61C3F5CC800384B3E /* third_normal@2x.png in Resources */ = {isa = PBXBuildFile; fileRef = 9CFF68C21C3F5CC800384B3E /* third_normal@2x.png */; };
		9CFF68D71C3F5CC800384B3E /* third_selected.png in Resources */ = {isa = PBXBuildFile; fileRef = 9CFF68C31C3F5CC800384B3E /* third_selected.png */; };
		9CFF68D81C3F5CC800384B3E /* third_selected@2x.png in Resources */ = {isa = PBXBuildFile; fileRef = 9CFF68C41C3F5CC800384B3E /* third_selected@2x.png */; };
		9CFF6AF01C46259A00384B3E /* CTHTTPClient.m in Sources */ = {isa = PBXBuildFile; fileRef = 9CFF6AEF1C46259A00384B3E /* CTHTTPClient.m */; };
		9CFF6AF31C4625C900384B3E /* CTHttpClientUtil.m in Sources */ = {isa = PBXBuildFile; fileRef = 9CFF6AF21C4625C900384B3E /* CTHttpClientUtil.m */; };
		9CFF6B091C46265400384B3E /* AFNetworkActivityIndicatorManager.m in Sources */ = {isa = PBXBuildFile; fileRef = 9CFF6AF91C46265400384B3E /* AFNetworkActivityIndicatorManager.m */; };
		9CFF6B0A1C46265400384B3E /* UIActivityIndicatorView+AFNetworking.m in Sources */ = {isa = PBXBuildFile; fileRef = 9CFF6AFB1C46265400384B3E /* UIActivityIndicatorView+AFNetworking.m */; };
		9CFF6B0B1C46265400384B3E /* UIAlertView+AFNetworking.m in Sources */ = {isa = PBXBuildFile; fileRef = 9CFF6AFD1C46265400384B3E /* UIAlertView+AFNetworking.m */; };
		9CFF6B0C1C46265400384B3E /* UIButton+AFNetworking.m in Sources */ = {isa = PBXBuildFile; fileRef = 9CFF6AFF1C46265400384B3E /* UIButton+AFNetworking.m */; };
		9CFF6B0D1C46265400384B3E /* UIImageView+AFNetworking.m in Sources */ = {isa = PBXBuildFile; fileRef = 9CFF6B011C46265400384B3E /* UIImageView+AFNetworking.m */; };
		9CFF6B0E1C46265400384B3E /* UIProgressView+AFNetworking.m in Sources */ = {isa = PBXBuildFile; fileRef = 9CFF6B041C46265400384B3E /* UIProgressView+AFNetworking.m */; };
		9CFF6B0F1C46265400384B3E /* UIRefreshControl+AFNetworking.m in Sources */ = {isa = PBXBuildFile; fileRef = 9CFF6B061C46265400384B3E /* UIRefreshControl+AFNetworking.m */; };
		9CFF6B101C46265400384B3E /* UIWebView+AFNetworking.m in Sources */ = {isa = PBXBuildFile; fileRef = 9CFF6B081C46265400384B3E /* UIWebView+AFNetworking.m */; };
		9CFF6B131C46265C00384B3E /* NSTimer+BlocksKit.m in Sources */ = {isa = PBXBuildFile; fileRef = 9CFF6B121C46265C00384B3E /* NSTimer+BlocksKit.m */; };
		9CFF6B271C46266300384B3E /* AFHTTPRequestOperation.m in Sources */ = {isa = PBXBuildFile; fileRef = 9CFF6B151C46266300384B3E /* AFHTTPRequestOperation.m */; };
		9CFF6B281C46266300384B3E /* AFHTTPRequestOperationManager.m in Sources */ = {isa = PBXBuildFile; fileRef = 9CFF6B171C46266300384B3E /* AFHTTPRequestOperationManager.m */; };
		9CFF6B291C46266300384B3E /* AFHTTPSessionManager.m in Sources */ = {isa = PBXBuildFile; fileRef = 9CFF6B191C46266300384B3E /* AFHTTPSessionManager.m */; };
		9CFF6B2A1C46266300384B3E /* AFNetworkReachabilityManager.m in Sources */ = {isa = PBXBuildFile; fileRef = 9CFF6B1C1C46266300384B3E /* AFNetworkReachabilityManager.m */; };
		9CFF6B2B1C46266300384B3E /* AFSecurityPolicy.m in Sources */ = {isa = PBXBuildFile; fileRef = 9CFF6B1E1C46266300384B3E /* AFSecurityPolicy.m */; };
		9CFF6B2C1C46266300384B3E /* AFURLConnectionOperation.m in Sources */ = {isa = PBXBuildFile; fileRef = 9CFF6B201C46266300384B3E /* AFURLConnectionOperation.m */; };
		9CFF6B2D1C46266300384B3E /* AFURLRequestSerialization.m in Sources */ = {isa = PBXBuildFile; fileRef = 9CFF6B221C46266300384B3E /* AFURLRequestSerialization.m */; };
		9CFF6B2E1C46266300384B3E /* AFURLResponseSerialization.m in Sources */ = {isa = PBXBuildFile; fileRef = 9CFF6B241C46266300384B3E /* AFURLResponseSerialization.m */; };
		9CFF6B2F1C46266300384B3E /* AFURLSessionManager.m in Sources */ = {isa = PBXBuildFile; fileRef = 9CFF6B261C46266300384B3E /* AFURLSessionManager.m */; };
/* End PBXBuildFile section */

/* Begin PBXFileReference section */
		13760672D0FC54B6BFE590FC /* Pods.debug.xcconfig */ = {isa = PBXFileReference; includeInIndex = 1; lastKnownFileType = text.xcconfig; name = Pods.debug.xcconfig; path = "Pods/Target Support Files/Pods/Pods.debug.xcconfig"; sourceTree = "<group>"; };
		3FB0CEB95D199D5CDF461583 /* libPods.a */ = {isa = PBXFileReference; explicitFileType = archive.ar; includeInIndex = 0; path = libPods.a; sourceTree = BUILT_PRODUCTS_DIR; };
		9C0532C41C945059008AC22F /* en */ = {isa = PBXFileReference; lastKnownFileType = text.plist.strings; name = en; path = en.lproj/SMS_SDKLocalizable.strings; sourceTree = "<group>"; };
		9C0532C51C945059008AC22F /* MOBFoundation.framework */ = {isa = PBXFileReference; lastKnownFileType = wrapper.framework; path = MOBFoundation.framework; sourceTree = "<group>"; };
		9C0532C61C945059008AC22F /* SMS_SDK.framework */ = {isa = PBXFileReference; lastKnownFileType = wrapper.framework; path = SMS_SDK.framework; sourceTree = "<group>"; };
		9C0532C71C945059008AC22F /* zh-Hans */ = {isa = PBXFileReference; lastKnownFileType = text.plist.strings; name = "zh-Hans"; path = "zh-Hans.lproj/SMS_SDKLocalizable.strings"; sourceTree = "<group>"; };
		9C0532CB1C945091008AC22F /* libicucore.tbd */ = {isa = PBXFileReference; lastKnownFileType = "sourcecode.text-based-dylib-definition"; name = libicucore.tbd; path = usr/lib/libicucore.tbd; sourceTree = SDKROOT; };
		9C0532CD1C945099008AC22F /* libz.tbd */ = {isa = PBXFileReference; lastKnownFileType = "sourcecode.text-based-dylib-definition"; name = libz.tbd; path = usr/lib/libz.tbd; sourceTree = SDKROOT; };
		9C0532CF1C9450A4008AC22F /* MessageUI.framework */ = {isa = PBXFileReference; lastKnownFileType = wrapper.framework; name = MessageUI.framework; path = System/Library/Frameworks/MessageUI.framework; sourceTree = SDKROOT; };
		9C0532D11C9450AE008AC22F /* JavaScriptCore.framework */ = {isa = PBXFileReference; lastKnownFileType = wrapper.framework; name = JavaScriptCore.framework; path = System/Library/PrivateFrameworks/JavaScriptCore.framework; sourceTree = SDKROOT; };
		9C0532D31C9450BB008AC22F /* libstdc++.tbd */ = {isa = PBXFileReference; lastKnownFileType = "sourcecode.text-based-dylib-definition"; name = "libstdc++.tbd"; path = "usr/lib/libstdc++.tbd"; sourceTree = SDKROOT; };
		9C0532D51C95264E008AC22F /* izyHttpClient.h */ = {isa = PBXFileReference; fileEncoding = 4; lastKnownFileType = sourcecode.c.h; path = izyHttpClient.h; sourceTree = "<group>"; };
		9C0532D61C95264E008AC22F /* izyHttpClient.m */ = {isa = PBXFileReference; fileEncoding = 4; lastKnownFileType = sourcecode.c.objc; path = izyHttpClient.m; sourceTree = "<group>"; };
		9C90EEF91C462C7C00A65225 /* PrefixHeader.pch */ = {isa = PBXFileReference; fileEncoding = 4; lastKnownFileType = sourcecode.c.h; path = PrefixHeader.pch; sourceTree = "<group>"; };
		9C90EF161C46390900A65225 /* CoreData.framework */ = {isa = PBXFileReference; lastKnownFileType = wrapper.framework; name = CoreData.framework; path = System/Library/Frameworks/CoreData.framework; sourceTree = SDKROOT; };
		9C9646311C4E3DEF00E3672B /* HomePageViewController.h */ = {isa = PBXFileReference; fileEncoding = 4; lastKnownFileType = sourcecode.c.h; path = HomePageViewController.h; sourceTree = "<group>"; };
		9C9646321C4E3DEF00E3672B /* HomePageViewController.m */ = {isa = PBXFileReference; fileEncoding = 4; lastKnownFileType = sourcecode.c.objc; path = HomePageViewController.m; sourceTree = "<group>"; };
		9C9646331C4E3DEF00E3672B /* HomePageViewController.xib */ = {isa = PBXFileReference; fileEncoding = 4; lastKnownFileType = file.xib; path = HomePageViewController.xib; sourceTree = "<group>"; };
		9C9646361C4E3E8500E3672B /* MoreViewController.h */ = {isa = PBXFileReference; fileEncoding = 4; lastKnownFileType = sourcecode.c.h; path = MoreViewController.h; sourceTree = "<group>"; };
		9C9646371C4E3E8500E3672B /* MoreViewController.m */ = {isa = PBXFileReference; fileEncoding = 4; lastKnownFileType = sourcecode.c.objc; path = MoreViewController.m; sourceTree = "<group>"; };
		9C9646381C4E3E8500E3672B /* MoreViewController.xib */ = {isa = PBXFileReference; fileEncoding = 4; lastKnownFileType = file.xib; path = MoreViewController.xib; sourceTree = "<group>"; };
		9C96463B1C4E3EB400E3672B /* CoursesViewController.h */ = {isa = PBXFileReference; fileEncoding = 4; lastKnownFileType = sourcecode.c.h; path = CoursesViewController.h; sourceTree = "<group>"; };
		9C96463C1C4E3EB400E3672B /* CoursesViewController.m */ = {isa = PBXFileReference; fileEncoding = 4; lastKnownFileType = sourcecode.c.objc; path = CoursesViewController.m; sourceTree = "<group>"; };
		9C96463D1C4E3EB400E3672B /* CoursesViewController.xib */ = {isa = PBXFileReference; fileEncoding = 4; lastKnownFileType = file.xib; path = CoursesViewController.xib; sourceTree = "<group>"; };
		9C9646401C4E3F1A00E3672B /* QuestionBankViewController.h */ = {isa = PBXFileReference; fileEncoding = 4; lastKnownFileType = sourcecode.c.h; path = QuestionBankViewController.h; sourceTree = "<group>"; };
		9C9646411C4E3F1A00E3672B /* QuestionBankViewController.m */ = {isa = PBXFileReference; fileEncoding = 4; lastKnownFileType = sourcecode.c.objc; path = QuestionBankViewController.m; sourceTree = "<group>"; };
		9C9646421C4E3F1A00E3672B /* QuestionBankViewController.xib */ = {isa = PBXFileReference; fileEncoding = 4; lastKnownFileType = file.xib; path = QuestionBankViewController.xib; sourceTree = "<group>"; };
		9C96464B1C4E43DE00E3672B /* LoginViewController.h */ = {isa = PBXFileReference; fileEncoding = 4; lastKnownFileType = sourcecode.c.h; path = LoginViewController.h; sourceTree = "<group>"; };
		9C96464C1C4E43DE00E3672B /* LoginViewController.m */ = {isa = PBXFileReference; fileEncoding = 4; lastKnownFileType = sourcecode.c.objc; path = LoginViewController.m; sourceTree = "<group>"; };
		9C96464D1C4E43DE00E3672B /* LoginViewController.xib */ = {isa = PBXFileReference; fileEncoding = 4; lastKnownFileType = file.xib; path = LoginViewController.xib; sourceTree = "<group>"; };
		9C96467D1C4F85B700E3672B /* UserInfoTableViewCell.h */ = {isa = PBXFileReference; fileEncoding = 4; lastKnownFileType = sourcecode.c.h; path = UserInfoTableViewCell.h; sourceTree = "<group>"; };
		9C96467E1C4F85B700E3672B /* UserInfoTableViewCell.m */ = {isa = PBXFileReference; fileEncoding = 4; lastKnownFileType = sourcecode.c.objc; path = UserInfoTableViewCell.m; sourceTree = "<group>"; };
		9C96467F1C4F85B700E3672B /* UserInfoTableViewCell.xib */ = {isa = PBXFileReference; fileEncoding = 4; lastKnownFileType = file.xib; path = UserInfoTableViewCell.xib; sourceTree = "<group>"; };
		9CA5C5E21C6ACB8800B7947E /* SudoGameViewController.h */ = {isa = PBXFileReference; fileEncoding = 4; lastKnownFileType = sourcecode.c.h; path = SudoGameViewController.h; sourceTree = "<group>"; };
		9CA5C5E31C6ACB8800B7947E /* SudoGameViewController.m */ = {isa = PBXFileReference; fileEncoding = 4; lastKnownFileType = sourcecode.c.objc; path = SudoGameViewController.m; sourceTree = "<group>"; };
		9CA5C5E41C6ACB8800B7947E /* SudoGameViewController.xib */ = {isa = PBXFileReference; fileEncoding = 4; lastKnownFileType = file.xib; path = SudoGameViewController.xib; sourceTree = "<group>"; };
		9CA5C5E71C6AD2E800B7947E /* izyouDefine.h */ = {isa = PBXFileReference; fileEncoding = 4; lastKnownFileType = sourcecode.c.h; path = izyouDefine.h; sourceTree = "<group>"; };
		9CA5C5EA1C6AF7C800B7947E /* SudoGameView.h */ = {isa = PBXFileReference; fileEncoding = 4; lastKnownFileType = sourcecode.c.h; path = SudoGameView.h; sourceTree = "<group>"; };
		9CA5C5EB1C6AF7C800B7947E /* SudoGameView.m */ = {isa = PBXFileReference; fileEncoding = 4; lastKnownFileType = sourcecode.c.objc; path = SudoGameView.m; sourceTree = "<group>"; };
		9CFF68871C3F55C800384B3E /* izyou.app */ = {isa = PBXFileReference; explicitFileType = wrapper.application; includeInIndex = 0; path = izyou.app; sourceTree = BUILT_PRODUCTS_DIR; };
		9CFF688B1C3F55C800384B3E /* main.m */ = {isa = PBXFileReference; lastKnownFileType = sourcecode.c.objc; path = main.m; sourceTree = "<group>"; };
		9CFF688D1C3F55C800384B3E /* AppDelegate.h */ = {isa = PBXFileReference; lastKnownFileType = sourcecode.c.h; path = AppDelegate.h; sourceTree = "<group>"; };
		9CFF688E1C3F55C800384B3E /* AppDelegate.m */ = {isa = PBXFileReference; lastKnownFileType = sourcecode.c.objc; path = AppDelegate.m; sourceTree = "<group>"; };
		9CFF68961C3F55C800384B3E /* Assets.xcassets */ = {isa = PBXFileReference; lastKnownFileType = folder.assetcatalog; path = Assets.xcassets; sourceTree = "<group>"; };
		9CFF68991C3F55C800384B3E /* Base */ = {isa = PBXFileReference; lastKnownFileType = file.storyboard; name = Base; path = Base.lproj/LaunchScreen.storyboard; sourceTree = "<group>"; };
		9CFF689B1C3F55C800384B3E /* Info.plist */ = {isa = PBXFileReference; lastKnownFileType = text.plist.xml; path = Info.plist; sourceTree = "<group>"; };
		9CFF68A21C3F586400384B3E /* RDVTabBar.h */ = {isa = PBXFileReference; fileEncoding = 4; lastKnownFileType = sourcecode.c.h; path = RDVTabBar.h; sourceTree = "<group>"; };
		9CFF68A31C3F586400384B3E /* RDVTabBar.m */ = {isa = PBXFileReference; fileEncoding = 4; lastKnownFileType = sourcecode.c.objc; path = RDVTabBar.m; sourceTree = "<group>"; };
		9CFF68A41C3F586400384B3E /* RDVTabBarController.h */ = {isa = PBXFileReference; fileEncoding = 4; lastKnownFileType = sourcecode.c.h; path = RDVTabBarController.h; sourceTree = "<group>"; };
		9CFF68A51C3F586400384B3E /* RDVTabBarController.m */ = {isa = PBXFileReference; fileEncoding = 4; lastKnownFileType = sourcecode.c.objc; path = RDVTabBarController.m; sourceTree = "<group>"; };
		9CFF68A61C3F586400384B3E /* RDVTabBarItem.h */ = {isa = PBXFileReference; fileEncoding = 4; lastKnownFileType = sourcecode.c.h; path = RDVTabBarItem.h; sourceTree = "<group>"; };
		9CFF68A71C3F586400384B3E /* RDVTabBarItem.m */ = {isa = PBXFileReference; fileEncoding = 4; lastKnownFileType = sourcecode.c.objc; path = RDVTabBarItem.m; sourceTree = "<group>"; };
		9CFF68B11C3F5CC800384B3E /* first_normal.png */ = {isa = PBXFileReference; lastKnownFileType = image.png; path = first_normal.png; sourceTree = "<group>"; };
		9CFF68B21C3F5CC800384B3E /* first_normal@2x.png */ = {isa = PBXFileReference; lastKnownFileType = image.png; path = "first_normal@2x.png"; sourceTree = "<group>"; };
		9CFF68B31C3F5CC800384B3E /* first_selected.png */ = {isa = PBXFileReference; lastKnownFileType = image.png; path = first_selected.png; sourceTree = "<group>"; };
		9CFF68B41C3F5CC800384B3E /* first_selected@2x.png */ = {isa = PBXFileReference; lastKnownFileType = image.png; path = "first_selected@2x.png"; sourceTree = "<group>"; };
		9CFF68B51C3F5CC800384B3E /* navigationbar_background_tall.png */ = {isa = PBXFileReference; lastKnownFileType = image.png; path = navigationbar_background_tall.png; sourceTree = "<group>"; };
		9CFF68B61C3F5CC800384B3E /* navigationbar_background_tall@2x.png */ = {isa = PBXFileReference; lastKnownFileType = image.png; path = "navigationbar_background_tall@2x.png"; sourceTree = "<group>"; };
		9CFF68B71C3F5CC800384B3E /* navigationbar_background.png */ = {isa = PBXFileReference; lastKnownFileType = image.png; path = navigationbar_background.png; sourceTree = "<group>"; };
		9CFF68B81C3F5CC800384B3E /* navigationbar_background@2x.png */ = {isa = PBXFileReference; lastKnownFileType = image.png; path = "navigationbar_background@2x.png"; sourceTree = "<group>"; };
		9CFF68B91C3F5CC800384B3E /* second_normal.png */ = {isa = PBXFileReference; lastKnownFileType = image.png; path = second_normal.png; sourceTree = "<group>"; };
		9CFF68BA1C3F5CC800384B3E /* second_normal@2x.png */ = {isa = PBXFileReference; lastKnownFileType = image.png; path = "second_normal@2x.png"; sourceTree = "<group>"; };
		9CFF68BB1C3F5CC800384B3E /* second_selected.png */ = {isa = PBXFileReference; lastKnownFileType = image.png; path = second_selected.png; sourceTree = "<group>"; };
		9CFF68BC1C3F5CC800384B3E /* second_selected@2x.png */ = {isa = PBXFileReference; lastKnownFileType = image.png; path = "second_selected@2x.png"; sourceTree = "<group>"; };
		9CFF68BD1C3F5CC800384B3E /* tabbar_normal_background.png */ = {isa = PBXFileReference; lastKnownFileType = image.png; path = tabbar_normal_background.png; sourceTree = "<group>"; };
		9CFF68BE1C3F5CC800384B3E /* tabbar_normal_background@2x.png */ = {isa = PBXFileReference; lastKnownFileType = image.png; path = "tabbar_normal_background@2x.png"; sourceTree = "<group>"; };
		9CFF68BF1C3F5CC800384B3E /* tabbar_selected_background.png */ = {isa = PBXFileReference; lastKnownFileType = image.png; path = tabbar_selected_background.png; sourceTree = "<group>"; };
		9CFF68C01C3F5CC800384B3E /* tabbar_selected_background@2x.png */ = {isa = PBXFileReference; lastKnownFileType = image.png; path = "tabbar_selected_background@2x.png"; sourceTree = "<group>"; };
		9CFF68C11C3F5CC800384B3E /* third_normal.png */ = {isa = PBXFileReference; lastKnownFileType = image.png; path = third_normal.png; sourceTree = "<group>"; };
		9CFF68C21C3F5CC800384B3E /* third_normal@2x.png */ = {isa = PBXFileReference; lastKnownFileType = image.png; path = "third_normal@2x.png"; sourceTree = "<group>"; };
		9CFF68C31C3F5CC800384B3E /* third_selected.png */ = {isa = PBXFileReference; lastKnownFileType = image.png; path = third_selected.png; sourceTree = "<group>"; };
		9CFF68C41C3F5CC800384B3E /* third_selected@2x.png */ = {isa = PBXFileReference; lastKnownFileType = image.png; path = "third_selected@2x.png"; sourceTree = "<group>"; };
		9CFF6AEE1C46259A00384B3E /* CTHTTPClient.h */ = {isa = PBXFileReference; fileEncoding = 4; lastKnownFileType = sourcecode.c.h; path = CTHTTPClient.h; sourceTree = "<group>"; };
		9CFF6AEF1C46259A00384B3E /* CTHTTPClient.m */ = {isa = PBXFileReference; fileEncoding = 4; lastKnownFileType = sourcecode.c.objc; path = CTHTTPClient.m; sourceTree = "<group>"; };
		9CFF6AF11C4625C900384B3E /* CTHttpClientUtil.h */ = {isa = PBXFileReference; fileEncoding = 4; lastKnownFileType = sourcecode.c.h; path = CTHttpClientUtil.h; sourceTree = "<group>"; };
		9CFF6AF21C4625C900384B3E /* CTHttpClientUtil.m */ = {isa = PBXFileReference; fileEncoding = 4; lastKnownFileType = sourcecode.c.objc; path = CTHttpClientUtil.m; sourceTree = "<group>"; };
		9CFF6AF81C46265400384B3E /* AFNetworkActivityIndicatorManager.h */ = {isa = PBXFileReference; fileEncoding = 4; lastKnownFileType = sourcecode.c.h; path = AFNetworkActivityIndicatorManager.h; sourceTree = "<group>"; };
		9CFF6AF91C46265400384B3E /* AFNetworkActivityIndicatorManager.m */ = {isa = PBXFileReference; fileEncoding = 4; lastKnownFileType = sourcecode.c.objc; path = AFNetworkActivityIndicatorManager.m; sourceTree = "<group>"; };
		9CFF6AFA1C46265400384B3E /* UIActivityIndicatorView+AFNetworking.h */ = {isa = PBXFileReference; fileEncoding = 4; lastKnownFileType = sourcecode.c.h; path = "UIActivityIndicatorView+AFNetworking.h"; sourceTree = "<group>"; };
		9CFF6AFB1C46265400384B3E /* UIActivityIndicatorView+AFNetworking.m */ = {isa = PBXFileReference; fileEncoding = 4; lastKnownFileType = sourcecode.c.objc; path = "UIActivityIndicatorView+AFNetworking.m"; sourceTree = "<group>"; };
		9CFF6AFC1C46265400384B3E /* UIAlertView+AFNetworking.h */ = {isa = PBXFileReference; fileEncoding = 4; lastKnownFileType = sourcecode.c.h; path = "UIAlertView+AFNetworking.h"; sourceTree = "<group>"; };
		9CFF6AFD1C46265400384B3E /* UIAlertView+AFNetworking.m */ = {isa = PBXFileReference; fileEncoding = 4; lastKnownFileType = sourcecode.c.objc; path = "UIAlertView+AFNetworking.m"; sourceTree = "<group>"; };
		9CFF6AFE1C46265400384B3E /* UIButton+AFNetworking.h */ = {isa = PBXFileReference; fileEncoding = 4; lastKnownFileType = sourcecode.c.h; path = "UIButton+AFNetworking.h"; sourceTree = "<group>"; };
		9CFF6AFF1C46265400384B3E /* UIButton+AFNetworking.m */ = {isa = PBXFileReference; fileEncoding = 4; lastKnownFileType = sourcecode.c.objc; path = "UIButton+AFNetworking.m"; sourceTree = "<group>"; };
		9CFF6B001C46265400384B3E /* UIImageView+AFNetworking.h */ = {isa = PBXFileReference; fileEncoding = 4; lastKnownFileType = sourcecode.c.h; path = "UIImageView+AFNetworking.h"; sourceTree = "<group>"; };
		9CFF6B011C46265400384B3E /* UIImageView+AFNetworking.m */ = {isa = PBXFileReference; fileEncoding = 4; lastKnownFileType = sourcecode.c.objc; path = "UIImageView+AFNetworking.m"; sourceTree = "<group>"; };
		9CFF6B021C46265400384B3E /* UIKit+AFNetworking.h */ = {isa = PBXFileReference; fileEncoding = 4; lastKnownFileType = sourcecode.c.h; path = "UIKit+AFNetworking.h"; sourceTree = "<group>"; };
		9CFF6B031C46265400384B3E /* UIProgressView+AFNetworking.h */ = {isa = PBXFileReference; fileEncoding = 4; lastKnownFileType = sourcecode.c.h; path = "UIProgressView+AFNetworking.h"; sourceTree = "<group>"; };
		9CFF6B041C46265400384B3E /* UIProgressView+AFNetworking.m */ = {isa = PBXFileReference; fileEncoding = 4; lastKnownFileType = sourcecode.c.objc; path = "UIProgressView+AFNetworking.m"; sourceTree = "<group>"; };
		9CFF6B051C46265400384B3E /* UIRefreshControl+AFNetworking.h */ = {isa = PBXFileReference; fileEncoding = 4; lastKnownFileType = sourcecode.c.h; path = "UIRefreshControl+AFNetworking.h"; sourceTree = "<group>"; };
		9CFF6B061C46265400384B3E /* UIRefreshControl+AFNetworking.m */ = {isa = PBXFileReference; fileEncoding = 4; lastKnownFileType = sourcecode.c.objc; path = "UIRefreshControl+AFNetworking.m"; sourceTree = "<group>"; };
		9CFF6B071C46265400384B3E /* UIWebView+AFNetworking.h */ = {isa = PBXFileReference; fileEncoding = 4; lastKnownFileType = sourcecode.c.h; path = "UIWebView+AFNetworking.h"; sourceTree = "<group>"; };
		9CFF6B081C46265400384B3E /* UIWebView+AFNetworking.m */ = {isa = PBXFileReference; fileEncoding = 4; lastKnownFileType = sourcecode.c.objc; path = "UIWebView+AFNetworking.m"; sourceTree = "<group>"; };
		9CFF6B111C46265C00384B3E /* NSTimer+BlocksKit.h */ = {isa = PBXFileReference; fileEncoding = 4; lastKnownFileType = sourcecode.c.h; path = "NSTimer+BlocksKit.h"; sourceTree = "<group>"; };
		9CFF6B121C46265C00384B3E /* NSTimer+BlocksKit.m */ = {isa = PBXFileReference; fileEncoding = 4; lastKnownFileType = sourcecode.c.objc; path = "NSTimer+BlocksKit.m"; sourceTree = "<group>"; };
		9CFF6B141C46266300384B3E /* AFHTTPRequestOperation.h */ = {isa = PBXFileReference; fileEncoding = 4; lastKnownFileType = sourcecode.c.h; path = AFHTTPRequestOperation.h; sourceTree = "<group>"; };
		9CFF6B151C46266300384B3E /* AFHTTPRequestOperation.m */ = {isa = PBXFileReference; fileEncoding = 4; lastKnownFileType = sourcecode.c.objc; path = AFHTTPRequestOperation.m; sourceTree = "<group>"; };
		9CFF6B161C46266300384B3E /* AFHTTPRequestOperationManager.h */ = {isa = PBXFileReference; fileEncoding = 4; lastKnownFileType = sourcecode.c.h; path = AFHTTPRequestOperationManager.h; sourceTree = "<group>"; };
		9CFF6B171C46266300384B3E /* AFHTTPRequestOperationManager.m */ = {isa = PBXFileReference; fileEncoding = 4; lastKnownFileType = sourcecode.c.objc; path = AFHTTPRequestOperationManager.m; sourceTree = "<group>"; };
		9CFF6B181C46266300384B3E /* AFHTTPSessionManager.h */ = {isa = PBXFileReference; fileEncoding = 4; lastKnownFileType = sourcecode.c.h; path = AFHTTPSessionManager.h; sourceTree = "<group>"; };
		9CFF6B191C46266300384B3E /* AFHTTPSessionManager.m */ = {isa = PBXFileReference; fileEncoding = 4; lastKnownFileType = sourcecode.c.objc; path = AFHTTPSessionManager.m; sourceTree = "<group>"; };
		9CFF6B1A1C46266300384B3E /* AFNetworking.h */ = {isa = PBXFileReference; fileEncoding = 4; lastKnownFileType = sourcecode.c.h; path = AFNetworking.h; sourceTree = "<group>"; };
		9CFF6B1B1C46266300384B3E /* AFNetworkReachabilityManager.h */ = {isa = PBXFileReference; fileEncoding = 4; lastKnownFileType = sourcecode.c.h; path = AFNetworkReachabilityManager.h; sourceTree = "<group>"; };
		9CFF6B1C1C46266300384B3E /* AFNetworkReachabilityManager.m */ = {isa = PBXFileReference; fileEncoding = 4; lastKnownFileType = sourcecode.c.objc; path = AFNetworkReachabilityManager.m; sourceTree = "<group>"; };
		9CFF6B1D1C46266300384B3E /* AFSecurityPolicy.h */ = {isa = PBXFileReference; fileEncoding = 4; lastKnownFileType = sourcecode.c.h; path = AFSecurityPolicy.h; sourceTree = "<group>"; };
		9CFF6B1E1C46266300384B3E /* AFSecurityPolicy.m */ = {isa = PBXFileReference; fileEncoding = 4; lastKnownFileType = sourcecode.c.objc; path = AFSecurityPolicy.m; sourceTree = "<group>"; };
		9CFF6B1F1C46266300384B3E /* AFURLConnectionOperation.h */ = {isa = PBXFileReference; fileEncoding = 4; lastKnownFileType = sourcecode.c.h; path = AFURLConnectionOperation.h; sourceTree = "<group>"; };
		9CFF6B201C46266300384B3E /* AFURLConnectionOperation.m */ = {isa = PBXFileReference; fileEncoding = 4; lastKnownFileType = sourcecode.c.objc; path = AFURLConnectionOperation.m; sourceTree = "<group>"; };
		9CFF6B211C46266300384B3E /* AFURLRequestSerialization.h */ = {isa = PBXFileReference; fileEncoding = 4; lastKnownFileType = sourcecode.c.h; path = AFURLRequestSerialization.h; sourceTree = "<group>"; };
		9CFF6B221C46266300384B3E /* AFURLRequestSerialization.m */ = {isa = PBXFileReference; fileEncoding = 4; lastKnownFileType = sourcecode.c.objc; path = AFURLRequestSerialization.m; sourceTree = "<group>"; };
		9CFF6B231C46266300384B3E /* AFURLResponseSerialization.h */ = {isa = PBXFileReference; fileEncoding = 4; lastKnownFileType = sourcecode.c.h; path = AFURLResponseSerialization.h; sourceTree = "<group>"; };
		9CFF6B241C46266300384B3E /* AFURLResponseSerialization.m */ = {isa = PBXFileReference; fileEncoding = 4; lastKnownFileType = sourcecode.c.objc; path = AFURLResponseSerialization.m; sourceTree = "<group>"; };
		9CFF6B251C46266300384B3E /* AFURLSessionManager.h */ = {isa = PBXFileReference; fileEncoding = 4; lastKnownFileType = sourcecode.c.h; path = AFURLSessionManager.h; sourceTree = "<group>"; };
		9CFF6B261C46266300384B3E /* AFURLSessionManager.m */ = {isa = PBXFileReference; fileEncoding = 4; lastKnownFileType = sourcecode.c.objc; path = AFURLSessionManager.m; sourceTree = "<group>"; };
		CBD1ED2D4B807521F0286FBA /* Pods.release.xcconfig */ = {isa = PBXFileReference; includeInIndex = 1; lastKnownFileType = text.xcconfig; name = Pods.release.xcconfig; path = "Pods/Target Support Files/Pods/Pods.release.xcconfig"; sourceTree = "<group>"; };
/* End PBXFileReference section */

/* Begin PBXFrameworksBuildPhase section */
		9CFF68841C3F55C800384B3E /* Frameworks */ = {
			isa = PBXFrameworksBuildPhase;
			buildActionMask = 2147483647;
			files = (
				9C0532D41C9450BB008AC22F /* libstdc++.tbd in Frameworks */,
				9C0532D21C9450AE008AC22F /* JavaScriptCore.framework in Frameworks */,
				9C0532D01C9450A4008AC22F /* MessageUI.framework in Frameworks */,
				9C0532CE1C945099008AC22F /* libz.tbd in Frameworks */,
				9C0532CC1C945091008AC22F /* libicucore.tbd in Frameworks */,
				9C0532C91C94505A008AC22F /* MOBFoundation.framework in Frameworks */,
				9C0532CA1C94505A008AC22F /* SMS_SDK.framework in Frameworks */,
				9C90EF171C46390900A65225 /* CoreData.framework in Frameworks */,
				496A598CB3AC7837499CBEEC /* libPods.a in Frameworks */,
			);
			runOnlyForDeploymentPostprocessing = 0;
		};
/* End PBXFrameworksBuildPhase section */

/* Begin PBXGroup section */
		3C2BFAE625ADBC01E80C1142 /* Frameworks */ = {
			isa = PBXGroup;
			children = (
				9C0532D31C9450BB008AC22F /* libstdc++.tbd */,
				9C0532D11C9450AE008AC22F /* JavaScriptCore.framework */,
				9C0532CF1C9450A4008AC22F /* MessageUI.framework */,
				9C0532CD1C945099008AC22F /* libz.tbd */,
				9C0532CB1C945091008AC22F /* libicucore.tbd */,
				9C90EF161C46390900A65225 /* CoreData.framework */,
				3FB0CEB95D199D5CDF461583 /* libPods.a */,
			);
			name = Frameworks;
			sourceTree = "<group>";
		};
		9C0532C21C945059008AC22F /* SMS_SDK */ = {
			isa = PBXGroup;
			children = (
				9C0532C31C945059008AC22F /* SMS_SDKLocalizable.strings */,
				9C0532C51C945059008AC22F /* MOBFoundation.framework */,
				9C0532C61C945059008AC22F /* SMS_SDK.framework */,
			);
			path = SMS_SDK;
			sourceTree = "<group>";
		};
		9CA5C5E91C6AF7C800B7947E /* View */ = {
			isa = PBXGroup;
			children = (
				9CA5C5EA1C6AF7C800B7947E /* SudoGameView.h */,
				9CA5C5EB1C6AF7C800B7947E /* SudoGameView.m */,
			);
			path = View;
			sourceTree = "<group>";
		};
		9CFF687E1C3F55C800384B3E = {
			isa = PBXGroup;
			children = (
				9CFF68891C3F55C800384B3E /* izyou */,
				9CFF68881C3F55C800384B3E /* Products */,
				BAB4B289C00A79E7DF094B79 /* Pods */,
				3C2BFAE625ADBC01E80C1142 /* Frameworks */,
			);
			sourceTree = "<group>";
		};
		9CFF68881C3F55C800384B3E /* Products */ = {
			isa = PBXGroup;
			children = (
				9CFF68871C3F55C800384B3E /* izyou.app */,
			);
			name = Products;
			sourceTree = "<group>";
		};
		9CFF68891C3F55C800384B3E /* izyou */ = {
			isa = PBXGroup;
			children = (
				9CA5C5E91C6AF7C800B7947E /* View */,
				9CFF6AF41C46260000384B3E /* 3rd */,
				9CFF6AED1C4624F500384B3E /* utils */,
				9CFF68D91C3F5E3800384B3E /* ViewController */,
				9CFF68B01C3F5C9700384B3E /* images */,
				9CFF688D1C3F55C800384B3E /* AppDelegate.h */,
				9CFF688E1C3F55C800384B3E /* AppDelegate.m */,
				9CFF68961C3F55C800384B3E /* Assets.xcassets */,
				9CFF68981C3F55C800384B3E /* LaunchScreen.storyboard */,
				9CFF688A1C3F55C800384B3E /* Supporting Files */,
				9C90EEF91C462C7C00A65225 /* PrefixHeader.pch */,
				9CA5C5E71C6AD2E800B7947E /* izyouDefine.h */,
			);
			path = izyou;
			sourceTree = "<group>";
		};
		9CFF688A1C3F55C800384B3E /* Supporting Files */ = {
			isa = PBXGroup;
			children = (
				9CFF689B1C3F55C800384B3E /* Info.plist */,
				9CFF688B1C3F55C800384B3E /* main.m */,
			);
			name = "Supporting Files";
			sourceTree = "<group>";
		};
		9CFF68A11C3F581600384B3E /* TabBarController */ = {
			isa = PBXGroup;
			children = (
				9CFF68A21C3F586400384B3E /* RDVTabBar.h */,
				9CFF68A31C3F586400384B3E /* RDVTabBar.m */,
				9CFF68A41C3F586400384B3E /* RDVTabBarController.h */,
				9CFF68A51C3F586400384B3E /* RDVTabBarController.m */,
				9CFF68A61C3F586400384B3E /* RDVTabBarItem.h */,
				9CFF68A71C3F586400384B3E /* RDVTabBarItem.m */,
			);
			path = TabBarController;
			sourceTree = "<group>";
		};
		9CFF68B01C3F5C9700384B3E /* images */ = {
			isa = PBXGroup;
			children = (
				9CFF68B11C3F5CC800384B3E /* first_normal.png */,
				9CFF68B21C3F5CC800384B3E /* first_normal@2x.png */,
				9CFF68B31C3F5CC800384B3E /* first_selected.png */,
				9CFF68B41C3F5CC800384B3E /* first_selected@2x.png */,
				9CFF68B51C3F5CC800384B3E /* navigationbar_background_tall.png */,
				9CFF68B61C3F5CC800384B3E /* navigationbar_background_tall@2x.png */,
				9CFF68B71C3F5CC800384B3E /* navigationbar_background.png */,
				9CFF68B81C3F5CC800384B3E /* navigationbar_background@2x.png */,
				9CFF68B91C3F5CC800384B3E /* second_normal.png */,
				9CFF68BA1C3F5CC800384B3E /* second_normal@2x.png */,
				9CFF68BB1C3F5CC800384B3E /* second_selected.png */,
				9CFF68BC1C3F5CC800384B3E /* second_selected@2x.png */,
				9CFF68BD1C3F5CC800384B3E /* tabbar_normal_background.png */,
				9CFF68BE1C3F5CC800384B3E /* tabbar_normal_background@2x.png */,
				9CFF68BF1C3F5CC800384B3E /* tabbar_selected_background.png */,
				9CFF68C01C3F5CC800384B3E /* tabbar_selected_background@2x.png */,
				9CFF68C11C3F5CC800384B3E /* third_normal.png */,
				9CFF68C21C3F5CC800384B3E /* third_normal@2x.png */,
				9CFF68C31C3F5CC800384B3E /* third_selected.png */,
				9CFF68C41C3F5CC800384B3E /* third_selected@2x.png */,
			);
			path = images;
			sourceTree = "<group>";
		};
		9CFF68D91C3F5E3800384B3E /* ViewController */ = {
			isa = PBXGroup;
			children = (
				9CFF68A11C3F581600384B3E /* TabBarController */,
				9C9646311C4E3DEF00E3672B /* HomePageViewController.h */,
				9C9646321C4E3DEF00E3672B /* HomePageViewController.m */,
				9C9646331C4E3DEF00E3672B /* HomePageViewController.xib */,
				9C9646361C4E3E8500E3672B /* MoreViewController.h */,
				9C9646371C4E3E8500E3672B /* MoreViewController.m */,
				9C9646381C4E3E8500E3672B /* MoreViewController.xib */,
				9C96463B1C4E3EB400E3672B /* CoursesViewController.h */,
				9C96463C1C4E3EB400E3672B /* CoursesViewController.m */,
				9C96463D1C4E3EB400E3672B /* CoursesViewController.xib */,
				9C9646401C4E3F1A00E3672B /* QuestionBankViewController.h */,
				9C9646411C4E3F1A00E3672B /* QuestionBankViewController.m */,
				9C9646421C4E3F1A00E3672B /* QuestionBankViewController.xib */,
				9C96464B1C4E43DE00E3672B /* LoginViewController.h */,
				9C96464C1C4E43DE00E3672B /* LoginViewController.m */,
				9C96464D1C4E43DE00E3672B /* LoginViewController.xib */,
				9C96467D1C4F85B700E3672B /* UserInfoTableViewCell.h */,
				9C96467E1C4F85B700E3672B /* UserInfoTableViewCell.m */,
				9C96467F1C4F85B700E3672B /* UserInfoTableViewCell.xib */,
				9CA5C5E21C6ACB8800B7947E /* SudoGameViewController.h */,
				9CA5C5E31C6ACB8800B7947E /* SudoGameViewController.m */,
				9CA5C5E41C6ACB8800B7947E /* SudoGameViewController.xib */,
			);
			path = ViewController;
			sourceTree = "<group>";
		};
		9CFF6AED1C4624F500384B3E /* utils */ = {
			isa = PBXGroup;
			children = (
				9CFF6AF11C4625C900384B3E /* CTHttpClientUtil.h */,
				9CFF6AF21C4625C900384B3E /* CTHttpClientUtil.m */,
				9CFF6AEE1C46259A00384B3E /* CTHTTPClient.h */,
				9CFF6AEF1C46259A00384B3E /* CTHTTPClient.m */,
				9C0532D51C95264E008AC22F /* izyHttpClient.h */,
				9C0532D61C95264E008AC22F /* izyHttpClient.m */,
			);
			path = utils;
			sourceTree = "<group>";
		};
		9CFF6AF41C46260000384B3E /* 3rd */ = {
			isa = PBXGroup;
			children = (
				9C0532C21C945059008AC22F /* SMS_SDK */,
				9CFF6AF71C46262500384B3E /* UIKit+AFNetworking */,
				9CFF6AF61C46261800384B3E /* BlockKit */,
				9CFF6AF51C46260700384B3E /* AFNetworking */,
			);
			path = 3rd;
			sourceTree = "<group>";
		};
		9CFF6AF51C46260700384B3E /* AFNetworking */ = {
			isa = PBXGroup;
			children = (
				9CFF6B141C46266300384B3E /* AFHTTPRequestOperation.h */,
				9CFF6B151C46266300384B3E /* AFHTTPRequestOperation.m */,
				9CFF6B161C46266300384B3E /* AFHTTPRequestOperationManager.h */,
				9CFF6B171C46266300384B3E /* AFHTTPRequestOperationManager.m */,
				9CFF6B181C46266300384B3E /* AFHTTPSessionManager.h */,
				9CFF6B191C46266300384B3E /* AFHTTPSessionManager.m */,
				9CFF6B1A1C46266300384B3E /* AFNetworking.h */,
				9CFF6B1B1C46266300384B3E /* AFNetworkReachabilityManager.h */,
				9CFF6B1C1C46266300384B3E /* AFNetworkReachabilityManager.m */,
				9CFF6B1D1C46266300384B3E /* AFSecurityPolicy.h */,
				9CFF6B1E1C46266300384B3E /* AFSecurityPolicy.m */,
				9CFF6B1F1C46266300384B3E /* AFURLConnectionOperation.h */,
				9CFF6B201C46266300384B3E /* AFURLConnectionOperation.m */,
				9CFF6B211C46266300384B3E /* AFURLRequestSerialization.h */,
				9CFF6B221C46266300384B3E /* AFURLRequestSerialization.m */,
				9CFF6B231C46266300384B3E /* AFURLResponseSerialization.h */,
				9CFF6B241C46266300384B3E /* AFURLResponseSerialization.m */,
				9CFF6B251C46266300384B3E /* AFURLSessionManager.h */,
				9CFF6B261C46266300384B3E /* AFURLSessionManager.m */,
			);
			path = AFNetworking;
			sourceTree = "<group>";
		};
		9CFF6AF61C46261800384B3E /* BlockKit */ = {
			isa = PBXGroup;
			children = (
				9CFF6B111C46265C00384B3E /* NSTimer+BlocksKit.h */,
				9CFF6B121C46265C00384B3E /* NSTimer+BlocksKit.m */,
			);
			path = BlockKit;
			sourceTree = "<group>";
		};
		9CFF6AF71C46262500384B3E /* UIKit+AFNetworking */ = {
			isa = PBXGroup;
			children = (
				9CFF6AF81C46265400384B3E /* AFNetworkActivityIndicatorManager.h */,
				9CFF6AF91C46265400384B3E /* AFNetworkActivityIndicatorManager.m */,
				9CFF6AFA1C46265400384B3E /* UIActivityIndicatorView+AFNetworking.h */,
				9CFF6AFB1C46265400384B3E /* UIActivityIndicatorView+AFNetworking.m */,
				9CFF6AFC1C46265400384B3E /* UIAlertView+AFNetworking.h */,
				9CFF6AFD1C46265400384B3E /* UIAlertView+AFNetworking.m */,
				9CFF6AFE1C46265400384B3E /* UIButton+AFNetworking.h */,
				9CFF6AFF1C46265400384B3E /* UIButton+AFNetworking.m */,
				9CFF6B001C46265400384B3E /* UIImageView+AFNetworking.h */,
				9CFF6B011C46265400384B3E /* UIImageView+AFNetworking.m */,
				9CFF6B021C46265400384B3E /* UIKit+AFNetworking.h */,
				9CFF6B031C46265400384B3E /* UIProgressView+AFNetworking.h */,
				9CFF6B041C46265400384B3E /* UIProgressView+AFNetworking.m */,
				9CFF6B051C46265400384B3E /* UIRefreshControl+AFNetworking.h */,
				9CFF6B061C46265400384B3E /* UIRefreshControl+AFNetworking.m */,
				9CFF6B071C46265400384B3E /* UIWebView+AFNetworking.h */,
				9CFF6B081C46265400384B3E /* UIWebView+AFNetworking.m */,
			);
			path = "UIKit+AFNetworking";
			sourceTree = "<group>";
		};
		BAB4B289C00A79E7DF094B79 /* Pods */ = {
			isa = PBXGroup;
			children = (
				13760672D0FC54B6BFE590FC /* Pods.debug.xcconfig */,
				CBD1ED2D4B807521F0286FBA /* Pods.release.xcconfig */,
			);
			name = Pods;
			sourceTree = "<group>";
		};
/* End PBXGroup section */

/* Begin PBXNativeTarget section */
		9CFF68861C3F55C800384B3E /* izyou */ = {
			isa = PBXNativeTarget;
			buildConfigurationList = 9CFF689E1C3F55C800384B3E /* Build configuration list for PBXNativeTarget "izyou" */;
			buildPhases = (
				B0911035DD8B67EDC4AEA92A /* Check Pods Manifest.lock */,
				9CFF68831C3F55C800384B3E /* Sources */,
				9CFF68841C3F55C800384B3E /* Frameworks */,
				9CFF68851C3F55C800384B3E /* Resources */,
				0A56949F884C96EF3186506C /* Embed Pods Frameworks */,
				1CBAD6CE62B557682354095B /* Copy Pods Resources */,
			);
			buildRules = (
			);
			dependencies = (
			);
			name = izyou;
			productName = CardPlay;
			productReference = 9CFF68871C3F55C800384B3E /* izyou.app */;
			productType = "com.apple.product-type.application";
		};
/* End PBXNativeTarget section */

/* Begin PBXProject section */
		9CFF687F1C3F55C800384B3E /* Project object */ = {
			isa = PBXProject;
			attributes = {
				LastUpgradeCheck = 0720;
				ORGANIZATIONNAME = wudi;
				TargetAttributes = {
					9CFF68861C3F55C800384B3E = {
						CreatedOnToolsVersion = 7.2;
						DevelopmentTeam = XJU3RB4M72;
					};
				};
			};
			buildConfigurationList = 9CFF68821C3F55C800384B3E /* Build configuration list for PBXProject "izyou" */;
			compatibilityVersion = "Xcode 3.2";
			developmentRegion = English;
			hasScannedForEncodings = 0;
			knownRegions = (
				en,
				Base,
				"zh-Hans",
			);
			mainGroup = 9CFF687E1C3F55C800384B3E;
			productRefGroup = 9CFF68881C3F55C800384B3E /* Products */;
			projectDirPath = "";
			projectRoot = "";
			targets = (
				9CFF68861C3F55C800384B3E /* izyou */,
			);
		};
/* End PBXProject section */

/* Begin PBXResourcesBuildPhase section */
		9CFF68851C3F55C800384B3E /* Resources */ = {
			isa = PBXResourcesBuildPhase;
			buildActionMask = 2147483647;
			files = (
				9C9646441C4E3F1A00E3672B /* QuestionBankViewController.xib in Resources */,
				9CFF68CF1C3F5CC800384B3E /* second_selected.png in Resources */,
				9C96463A1C4E3E8500E3672B /* MoreViewController.xib in Resources */,
				9C96463F1C4E3EB400E3672B /* CoursesViewController.xib in Resources */,
				9CA5C5E61C6ACB8800B7947E /* SudoGameViewController.xib in Resources */,
				9CFF68D01C3F5CC800384B3E /* second_selected@2x.png in Resources */,
				9CFF68D51C3F5CC800384B3E /* third_normal.png in Resources */,
				9CFF68D41C3F5CC800384B3E /* tabbar_selected_background@2x.png in Resources */,
				9CFF68D31C3F5CC800384B3E /* tabbar_selected_background.png in Resources */,
				9CFF68D11C3F5CC800384B3E /* tabbar_normal_background.png in Resources */,
				9C9646351C4E3DEF00E3672B /* HomePageViewController.xib in Resources */,
				9CFF68D71C3F5CC800384B3E /* third_selected.png in Resources */,
				9CFF689A1C3F55C800384B3E /* LaunchScreen.storyboard in Resources */,
				9CFF68CC1C3F5CC800384B3E /* navigationbar_background@2x.png in Resources */,
				9CFF68D61C3F5CC800384B3E /* third_normal@2x.png in Resources */,
				9CFF68971C3F55C800384B3E /* Assets.xcassets in Resources */,
				9CFF68CA1C3F5CC800384B3E /* navigationbar_background_tall@2x.png in Resources */,
				9C9646811C4F85B700E3672B /* UserInfoTableViewCell.xib in Resources */,
				9CFF68C61C3F5CC800384B3E /* first_normal@2x.png in Resources */,
				9C96464F1C4E43DE00E3672B /* LoginViewController.xib in Resources */,
				9CFF68C71C3F5CC800384B3E /* first_selected.png in Resources */,
				9CFF68C91C3F5CC800384B3E /* navigationbar_background_tall.png in Resources */,
				9C0532C81C945059008AC22F /* SMS_SDKLocalizable.strings in Resources */,
				9CFF68C81C3F5CC800384B3E /* first_selected@2x.png in Resources */,
				9CFF68CD1C3F5CC800384B3E /* second_normal.png in Resources */,
				9CFF68D21C3F5CC800384B3E /* tabbar_normal_background@2x.png in Resources */,
				9CFF68CE1C3F5CC800384B3E /* second_normal@2x.png in Resources */,
				9CFF68CB1C3F5CC800384B3E /* navigationbar_background.png in Resources */,
				9CFF68D81C3F5CC800384B3E /* third_selected@2x.png in Resources */,
				9CFF68C51C3F5CC800384B3E /* first_normal.png in Resources */,
			);
			runOnlyForDeploymentPostprocessing = 0;
		};
/* End PBXResourcesBuildPhase section */

/* Begin PBXShellScriptBuildPhase section */
		0A56949F884C96EF3186506C /* Embed Pods Frameworks */ = {
			isa = PBXShellScriptBuildPhase;
			buildActionMask = 2147483647;
			files = (
			);
			inputPaths = (
			);
			name = "Embed Pods Frameworks";
			outputPaths = (
			);
			runOnlyForDeploymentPostprocessing = 0;
			shellPath = /bin/sh;
			shellScript = "\"${SRCROOT}/Pods/Target Support Files/Pods/Pods-frameworks.sh\"\n";
			showEnvVarsInLog = 0;
		};
		1CBAD6CE62B557682354095B /* Copy Pods Resources */ = {
			isa = PBXShellScriptBuildPhase;
			buildActionMask = 2147483647;
			files = (
			);
			inputPaths = (
			);
			name = "Copy Pods Resources";
			outputPaths = (
			);
			runOnlyForDeploymentPostprocessing = 0;
			shellPath = /bin/sh;
			shellScript = "\"${SRCROOT}/Pods/Target Support Files/Pods/Pods-resources.sh\"\n";
			showEnvVarsInLog = 0;
		};
		B0911035DD8B67EDC4AEA92A /* Check Pods Manifest.lock */ = {
			isa = PBXShellScriptBuildPhase;
			buildActionMask = 2147483647;
			files = (
			);
			inputPaths = (
			);
			name = "Check Pods Manifest.lock";
			outputPaths = (
			);
			runOnlyForDeploymentPostprocessing = 0;
			shellPath = /bin/sh;
			shellScript = "diff \"${PODS_ROOT}/../Podfile.lock\" \"${PODS_ROOT}/Manifest.lock\" > /dev/null\nif [[ $? != 0 ]] ; then\n    cat << EOM\nerror: The sandbox is not in sync with the Podfile.lock. Run 'pod install' or update your CocoaPods installation.\nEOM\n    exit 1\nfi\n";
			showEnvVarsInLog = 0;
		};
/* End PBXShellScriptBuildPhase section */

/* Begin PBXSourcesBuildPhase section */
		9CFF68831C3F55C800384B3E /* Sources */ = {
			isa = PBXSourcesBuildPhase;
			buildActionMask = 2147483647;
			files = (
				9CFF6B0E1C46265400384B3E /* UIProgressView+AFNetworking.m in Sources */,
				9C96463E1C4E3EB400E3672B /* CoursesViewController.m in Sources */,
				9CFF68A91C3F586400384B3E /* RDVTabBarController.m in Sources */,
				9CFF6B101C46265400384B3E /* UIWebView+AFNetworking.m in Sources */,
				9CFF6B0D1C46265400384B3E /* UIImageView+AFNetworking.m in Sources */,
				9C9646391C4E3E8500E3672B /* MoreViewController.m in Sources */,
				9CFF6B2C1C46266300384B3E /* AFURLConnectionOperation.m in Sources */,
				9CFF6B2B1C46266300384B3E /* AFSecurityPolicy.m in Sources */,
				9C9646341C4E3DEF00E3672B /* HomePageViewController.m in Sources */,
				9CFF6AF01C46259A00384B3E /* CTHTTPClient.m in Sources */,
				9CFF6B291C46266300384B3E /* AFHTTPSessionManager.m in Sources */,
				9CFF6B0C1C46265400384B3E /* UIButton+AFNetworking.m in Sources */,
				9CFF6B0B1C46265400384B3E /* UIAlertView+AFNetworking.m in Sources */,
				9CFF688F1C3F55C800384B3E /* AppDelegate.m in Sources */,
				9C96464E1C4E43DE00E3672B /* LoginViewController.m in Sources */,
				9CA5C5E51C6ACB8800B7947E /* SudoGameViewController.m in Sources */,
				9CFF6B131C46265C00384B3E /* NSTimer+BlocksKit.m in Sources */,
				9C9646431C4E3F1A00E3672B /* QuestionBankViewController.m in Sources */,
				9CFF6B0F1C46265400384B3E /* UIRefreshControl+AFNetworking.m in Sources */,
				9C0532D71C95264E008AC22F /* izyHttpClient.m in Sources */,
				9CFF6AF31C4625C900384B3E /* CTHttpClientUtil.m in Sources */,
				9CFF6B281C46266300384B3E /* AFHTTPRequestOperationManager.m in Sources */,
				9CFF6B091C46265400384B3E /* AFNetworkActivityIndicatorManager.m in Sources */,
				9CA5C5EC1C6AF7C800B7947E /* SudoGameView.m in Sources */,
				9CFF6B271C46266300384B3E /* AFHTTPRequestOperation.m in Sources */,
				9CFF6B2F1C46266300384B3E /* AFURLSessionManager.m in Sources */,
				9C9646801C4F85B700E3672B /* UserInfoTableViewCell.m in Sources */,
				9CFF6B2A1C46266300384B3E /* AFNetworkReachabilityManager.m in Sources */,
				9CFF6B2E1C46266300384B3E /* AFURLResponseSerialization.m in Sources */,
				9CFF6B2D1C46266300384B3E /* AFURLRequestSerialization.m in Sources */,
				9CFF6B0A1C46265400384B3E /* UIActivityIndicatorView+AFNetworking.m in Sources */,
				9CFF68A81C3F586400384B3E /* RDVTabBar.m in Sources */,
				9CFF688C1C3F55C800384B3E /* main.m in Sources */,
				9CFF68AA1C3F586400384B3E /* RDVTabBarItem.m in Sources */,
			);
			runOnlyForDeploymentPostprocessing = 0;
		};
/* End PBXSourcesBuildPhase section */

/* Begin PBXVariantGroup section */
		9C0532C31C945059008AC22F /* SMS_SDKLocalizable.strings */ = {
			isa = PBXVariantGroup;
			children = (
				9C0532C41C945059008AC22F /* en */,
				9C0532C71C945059008AC22F /* zh-Hans */,
			);
			name = SMS_SDKLocalizable.strings;
			sourceTree = "<group>";
		};
		9CFF68981C3F55C800384B3E /* LaunchScreen.storyboard */ = {
			isa = PBXVariantGroup;
			children = (
				9CFF68991C3F55C800384B3E /* Base */,
			);
			name = LaunchScreen.storyboard;
			sourceTree = "<group>";
		};
/* End PBXVariantGroup section */

/* Begin XCBuildConfiguration section */
		9CFF689C1C3F55C800384B3E /* Debug */ = {
			isa = XCBuildConfiguration;
			buildSettings = {
				ALWAYS_SEARCH_USER_PATHS = NO;
				CLANG_CXX_LANGUAGE_STANDARD = "gnu++0x";
				CLANG_CXX_LIBRARY = "libc++";
				CLANG_ENABLE_MODULES = YES;
				CLANG_ENABLE_OBJC_ARC = YES;
				CLANG_WARN_BOOL_CONVERSION = YES;
				CLANG_WARN_CONSTANT_CONVERSION = YES;
				CLANG_WARN_DIRECT_OBJC_ISA_USAGE = YES_ERROR;
				CLANG_WARN_EMPTY_BODY = YES;
				CLANG_WARN_ENUM_CONVERSION = YES;
				CLANG_WARN_INT_CONVERSION = YES;
				CLANG_WARN_OBJC_ROOT_CLASS = YES_ERROR;
				CLANG_WARN_UNREACHABLE_CODE = YES;
				CLANG_WARN__DUPLICATE_METHOD_MATCH = YES;
				"CODE_SIGN_IDENTITY[sdk=iphoneos*]" = "iPhone Developer";
				COPY_PHASE_STRIP = NO;
				DEBUG_INFORMATION_FORMAT = dwarf;
				ENABLE_STRICT_OBJC_MSGSEND = YES;
				ENABLE_TESTABILITY = YES;
				GCC_C_LANGUAGE_STANDARD = gnu99;
				GCC_DYNAMIC_NO_PIC = NO;
				GCC_NO_COMMON_BLOCKS = YES;
				GCC_OPTIMIZATION_LEVEL = 0;
				GCC_PREPROCESSOR_DEFINITIONS = (
					"DEBUG=1",
					"$(inherited)",
				);
				GCC_WARN_64_TO_32_BIT_CONVERSION = YES;
				GCC_WARN_ABOUT_RETURN_TYPE = YES_ERROR;
				GCC_WARN_UNDECLARED_SELECTOR = YES;
				GCC_WARN_UNINITIALIZED_AUTOS = YES_AGGRESSIVE;
				GCC_WARN_UNUSED_FUNCTION = YES;
				GCC_WARN_UNUSED_VARIABLE = YES;
				IPHONEOS_DEPLOYMENT_TARGET = 9.2;
				MTL_ENABLE_DEBUG_INFO = YES;
				ONLY_ACTIVE_ARCH = YES;
				SDKROOT = iphoneos;
			};
			name = Debug;
		};
		9CFF689D1C3F55C800384B3E /* Release */ = {
			isa = XCBuildConfiguration;
			buildSettings = {
				ALWAYS_SEARCH_USER_PATHS = NO;
				CLANG_CXX_LANGUAGE_STANDARD = "gnu++0x";
				CLANG_CXX_LIBRARY = "libc++";
				CLANG_ENABLE_MODULES = YES;
				CLANG_ENABLE_OBJC_ARC = YES;
				CLANG_WARN_BOOL_CONVERSION = YES;
				CLANG_WARN_CONSTANT_CONVERSION = YES;
				CLANG_WARN_DIRECT_OBJC_ISA_USAGE = YES_ERROR;
				CLANG_WARN_EMPTY_BODY = YES;
				CLANG_WARN_ENUM_CONVERSION = YES;
				CLANG_WARN_INT_CONVERSION = YES;
				CLANG_WARN_OBJC_ROOT_CLASS = YES_ERROR;
				CLANG_WARN_UNREACHABLE_CODE = YES;
				CLANG_WARN__DUPLICATE_METHOD_MATCH = YES;
				"CODE_SIGN_IDENTITY[sdk=iphoneos*]" = "iPhone Developer";
				COPY_PHASE_STRIP = NO;
				DEBUG_INFORMATION_FORMAT = "dwarf-with-dsym";
				ENABLE_NS_ASSERTIONS = NO;
				ENABLE_STRICT_OBJC_MSGSEND = YES;
				GCC_C_LANGUAGE_STANDARD = gnu99;
				GCC_NO_COMMON_BLOCKS = YES;
				GCC_WARN_64_TO_32_BIT_CONVERSION = YES;
				GCC_WARN_ABOUT_RETURN_TYPE = YES_ERROR;
				GCC_WARN_UNDECLARED_SELECTOR = YES;
				GCC_WARN_UNINITIALIZED_AUTOS = YES_AGGRESSIVE;
				GCC_WARN_UNUSED_FUNCTION = YES;
				GCC_WARN_UNUSED_VARIABLE = YES;
				IPHONEOS_DEPLOYMENT_TARGET = 9.2;
				MTL_ENABLE_DEBUG_INFO = NO;
				SDKROOT = iphoneos;
				VALIDATE_PRODUCT = YES;
			};
			name = Release;
		};
		9CFF689F1C3F55C800384B3E /* Debug */ = {
			isa = XCBuildConfiguration;
			baseConfigurationReference = 13760672D0FC54B6BFE590FC /* Pods.debug.xcconfig */;
			buildSettings = {
				ASSETCATALOG_COMPILER_APPICON_NAME = AppIcon;
				ASSETCATALOG_COMPILER_LAUNCHIMAGE_NAME = "Brand Assets";
				CLANG_ENABLE_MODULES = YES;
				CODE_SIGN_IDENTITY = "iPhone Developer";
				ENABLE_BITCODE = NO;
				FRAMEWORK_SEARCH_PATHS = (
					"$(inherited)",
					"$(PROJECT_DIR)/izyou/3rd/SMS_SDK",
					"$(SDKROOT)$(SYSTEM_LIBRARY_DIR)/PrivateFrameworks",
				);
				GCC_PREFIX_HEADER = izyou/PrefixHeader.pch;
				INFOPLIST_FILE = izyou/Info.plist;
				IPHONEOS_DEPLOYMENT_TARGET = 7.0;
				LD_RUNPATH_SEARCH_PATHS = "$(inherited) @executable_path/Frameworks";
				PRODUCT_BUNDLE_IDENTIFIER = wudi.CardPlay;
				PRODUCT_NAME = izyou;
				SWIFT_OBJC_BRIDGING_HEADER = "CardPlay/CardPlay-Bridging-Header.h";
				SWIFT_OPTIMIZATION_LEVEL = "-Onone";
				VALID_ARCHS = "arm64 armv7";
			};
			name = Debug;
		};
		9CFF68A01C3F55C800384B3E /* Release */ = {
			isa = XCBuildConfiguration;
			baseConfigurationReference = CBD1ED2D4B807521F0286FBA /* Pods.release.xcconfig */;
			buildSettings = {
				ASSETCATALOG_COMPILER_APPICON_NAME = AppIcon;
				ASSETCATALOG_COMPILER_LAUNCHIMAGE_NAME = "Brand Assets";
				CLANG_ENABLE_MODULES = YES;
				CODE_SIGN_IDENTITY = "iPhone Developer";
				ENABLE_BITCODE = NO;
				FRAMEWORK_SEARCH_PATHS = (
					"$(inherited)",
					"$(PROJECT_DIR)/izyou/3rd/SMS_SDK",
					"$(SDKROOT)$(SYSTEM_LIBRARY_DIR)/PrivateFrameworks",
				);
				GCC_PREFIX_HEADER = izyou/PrefixHeader.pch;
				INFOPLIST_FILE = izyou/Info.plist;
				IPHONEOS_DEPLOYMENT_TARGET = 7.0;
				LD_RUNPATH_SEARCH_PATHS = "$(inherited) @executable_path/Frameworks";
				PRODUCT_BUNDLE_IDENTIFIER = wudi.CardPlay;
				PRODUCT_NAME = izyou;
				SWIFT_OBJC_BRIDGING_HEADER = "CardPlay/CardPlay-Bridging-Header.h";
				VALID_ARCHS = "arm64 armv7";
			};
			name = Release;
		};
/* End XCBuildConfiguration section */

/* Begin XCConfigurationList section */
		9CFF68821C3F55C800384B3E /* Build configuration list for PBXProject "izyou" */ = {
			isa = XCConfigurationList;
			buildConfigurations = (
				9CFF689C1C3F55C800384B3E /* Debug */,
				9CFF689D1C3F55C800384B3E /* Release */,
			);
			defaultConfigurationIsVisible = 0;
			defaultConfigurationName = Release;
		};
		9CFF689E1C3F55C800384B3E /* Build configuration list for PBXNativeTarget "izyou" */ = {
			isa = XCConfigurationList;
			buildConfigurations = (
				9CFF689F1C3F55C800384B3E /* Debug */,
				9CFF68A01C3F55C800384B3E /* Release */,
			);
			defaultConfigurationIsVisible = 0;
			defaultConfigurationName = Release;
		};
/* End XCConfigurationList section */
	};
	rootObject = 9CFF687F1C3F55C800384B3E /* Project object */;
}
